
Microsoft Visual Studio Solution File, Format Version 12.00
# Visual Studio Version 17
VisualStudioVersion = 17.5.33530.505
MinimumVisualStudioVersion = 10.0.40219.1
Project("{FAE04EC0-301F-11D3-BF4B-00C04F79EFBC}") = "HDMC.Portal", "HDMC.Portal\HDMC.Portal.csproj", "{C3299791-5A0B-4FA3-BBEA-63DEA93D6C7F}"
EndProject
Global
	GlobalSection(SolutionConfigurationPlatforms) = preSolution
		Debug|Any CPU = Debug|Any CPU
		Release|Any CPU = Release|Any CPU
	EndGlobalSection
	GlobalSection(ProjectConfigurationPlatforms) = postSolution
		{C3299791-5A0B-4FA3-BBEA-63DEA93D6C7F}.Debug|Any CPU.ActiveCfg = Debug|Any CPU
		{C3299791-5A0B-4FA3-BBEA-63DEA93D6C7F}.Debug|Any CPU.Build.0 = Debug|Any CPU
		{C3299791-5A0B-4FA3-BBEA-63DEA93D6C7F}.Release|Any CPU.ActiveCfg = Release|Any CPU
		{C3299791-5A0B-4FA3-BBEA-63DEA93D6C7F}.Release|Any CPU.Build.0 = Release|Any CPU
	EndGlobalSection
	GlobalSection(SolutionProperties) = preSolution
		HideSolutionNode = FALSE
	EndGlobalSection
	GlobalSection(ExtensibilityGlobals) = postSolution
		SolutionGuid = {19A7CB6E-4628-4A4E-8D81-0D5B4AF3148C}
	EndGlobalSection
EndGlobal
